
Microsoft Visual Studio Solution File, Format Version 12.00
# Visual Studio Version 17
VisualStudioVersion = 17.8.34511.84
MinimumVisualStudioVersion = 10.0.40219.1
Project("{9A19103F-16F7-4668-BE54-9A1E7A4F7556}") = "presentation", "presentation\presentation.csproj", "{1284B0D6-CCFE-4881-924D-65E0595D8190}"
EndProject
Project("{9A19103F-16F7-4668-BE54-9A1E7A4F7556}") = "submissions", "submissions\submissions.csproj", "{7D96C223-E965-4060-91FC-BCF446DD0D36}"
EndProject
Project("{9A19103F-16F7-4668-BE54-9A1E7A4F7556}") = "userservice", "userservice\userservice.csproj", "{3D56A18E-6EA3-4866-8116-CE18579BBB32}"
EndProject
Project("{9A19103F-16F7-4668-BE54-9A1E7A4F7556}") = "testservice", "testservice\testservice.csproj", "{C0376F36-7F71-4B7C-8369-9EA3FCDB363B}"
EndProject
Global
	GlobalSection(SolutionConfigurationPlatforms) = preSolution
		Debug|Any CPU = Debug|Any CPU
		Release|Any CPU = Release|Any CPU
	EndGlobalSection
	GlobalSection(ProjectConfigurationPlatforms) = postSolution
		{1284B0D6-CCFE-4881-924D-65E0595D8190}.Debug|Any CPU.ActiveCfg = Debug|Any CPU
		{1284B0D6-CCFE-4881-924D-65E0595D8190}.Debug|Any CPU.Build.0 = Debug|Any CPU
		{1284B0D6-CCFE-4881-924D-65E0595D8190}.Release|Any CPU.ActiveCfg = Release|Any CPU
		{1284B0D6-CCFE-4881-924D-65E0595D8190}.Release|Any CPU.Build.0 = Release|Any CPU
		{7D96C223-E965-4060-91FC-BCF446DD0D36}.Debug|Any CPU.ActiveCfg = Debug|Any CPU
		{7D96C223-E965-4060-91FC-BCF446DD0D36}.Debug|Any CPU.Build.0 = Debug|Any CPU
		{7D96C223-E965-4060-91FC-BCF446DD0D36}.Release|Any CPU.ActiveCfg = Release|Any CPU
		{7D96C223-E965-4060-91FC-BCF446DD0D36}.Release|Any CPU.Build.0 = Release|Any CPU
		{3D56A18E-6EA3-4866-8116-CE18579BBB32}.Debug|Any CPU.ActiveCfg = Debug|Any CPU
		{3D56A18E-6EA3-4866-8116-CE18579BBB32}.Debug|Any CPU.Build.0 = Debug|Any CPU
		{3D56A18E-6EA3-4866-8116-CE18579BBB32}.Release|Any CPU.ActiveCfg = Release|Any CPU
		{3D56A18E-6EA3-4866-8116-CE18579BBB32}.Release|Any CPU.Build.0 = Release|Any CPU
		{C0376F36-7F71-4B7C-8369-9EA3FCDB363B}.Debug|Any CPU.ActiveCfg = Debug|Any CPU
		{C0376F36-7F71-4B7C-8369-9EA3FCDB363B}.Debug|Any CPU.Build.0 = Debug|Any CPU
		{C0376F36-7F71-4B7C-8369-9EA3FCDB363B}.Release|Any CPU.ActiveCfg = Release|Any CPU
		{C0376F36-7F71-4B7C-8369-9EA3FCDB363B}.Release|Any CPU.Build.0 = Release|Any CPU
	EndGlobalSection
	GlobalSection(SolutionProperties) = preSolution
		HideSolutionNode = FALSE
	EndGlobalSection
	GlobalSection(ExtensibilityGlobals) = postSolution
		SolutionGuid = {81F24CA9-7D82-4175-BDC8-8ED0C8480D4A}
	EndGlobalSection
EndGlobal
