
Microsoft Visual Studio Solution File, Format Version 12.00
# Visual Studio Version 17
VisualStudioVersion = 17.5.002.0
MinimumVisualStudioVersion = 10.0.40219.1
Project("{9A19103F-16F7-4668-BE54-9A1E7A4F7556}") = "monitoringservice", "monitoringservice.csproj", "{6171F750-7572-4231-BBCB-E02126110C75}"
EndProject
Global
	GlobalSection(SolutionConfigurationPlatforms) = preSolution
		Debug|Any CPU = Debug|Any CPU
		Release|Any CPU = Release|Any CPU
	EndGlobalSection
	GlobalSection(ProjectConfigurationPlatforms) = postSolution
		{6171F750-7572-4231-BBCB-E02126110C75}.Debug|Any CPU.ActiveCfg = Debug|Any CPU
		{6171F750-7572-4231-BBCB-E02126110C75}.Debug|Any CPU.Build.0 = Debug|Any CPU
		{6171F750-7572-4231-BBCB-E02126110C75}.Release|Any CPU.ActiveCfg = Release|Any CPU
		{6171F750-7572-4231-BBCB-E02126110C75}.Release|Any CPU.Build.0 = Release|Any CPU
	EndGlobalSection
	GlobalSection(SolutionProperties) = preSolution
		HideSolutionNode = FALSE
	EndGlobalSection
	GlobalSection(ExtensibilityGlobals) = postSolution
		SolutionGuid = {872C4702-FDF5-4978-9622-6EB9E0F6CC23}
	EndGlobalSection
EndGlobal
